
Microsoft Visual Studio Solution File, Format Version 12.00
# Visual Studio Version 17
VisualStudioVersion = 17.2.32616.157
MinimumVisualStudioVersion = 10.0.40219.1
Project("{9A19103F-16F7-4668-BE54-9A1E7A4F7556}") = "AgentApplication.WebAPI", "AgentApplication.WebAPI\AgentApplication.WebAPI.csproj", "{D75BD31C-849C-4FA1-8741-8633F5F7310A}"
EndProject
Project("{9A19103F-16F7-4668-BE54-9A1E7A4F7556}") = "AgentApplication.Client", "AgentApplication.Client\AgentApplication.Client.csproj", "{71AB09AC-DA6A-4A68-95BD-2DAF719B442D}"
EndProject
Project("{2150E333-8FDC-42A3-9474-1A3956D46DE8}") = "Solution Items", "Solution Items", "{FE7F384A-56E4-4D78-BF63-754FF00AEB14}"
	ProjectSection(SolutionItems) = preProject
		.editorconfig = .editorconfig
	EndProjectSection
EndProject
Project("{9A19103F-16F7-4668-BE54-9A1E7A4F7556}") = "AgentApplication.Tests", "AgentApplication.Tests\AgentApplication.Tests.csproj", "{B41693E1-4ED4-4EF7-85E2-13A6F51F1FE7}"
EndProject
Global
	GlobalSection(SolutionConfigurationPlatforms) = preSolution
		Debug|Any CPU = Debug|Any CPU
		Release|Any CPU = Release|Any CPU
	EndGlobalSection
	GlobalSection(ProjectConfigurationPlatforms) = postSolution
		{D75BD31C-849C-4FA1-8741-8633F5F7310A}.Debug|Any CPU.ActiveCfg = Debug|Any CPU
		{D75BD31C-849C-4FA1-8741-8633F5F7310A}.Debug|Any CPU.Build.0 = Debug|Any CPU
		{D75BD31C-849C-4FA1-8741-8633F5F7310A}.Release|Any CPU.ActiveCfg = Release|Any CPU
		{D75BD31C-849C-4FA1-8741-8633F5F7310A}.Release|Any CPU.Build.0 = Release|Any CPU
		{71AB09AC-DA6A-4A68-95BD-2DAF719B442D}.Debug|Any CPU.ActiveCfg = Debug|Any CPU
		{71AB09AC-DA6A-4A68-95BD-2DAF719B442D}.Debug|Any CPU.Build.0 = Debug|Any CPU
		{71AB09AC-DA6A-4A68-95BD-2DAF719B442D}.Release|Any CPU.ActiveCfg = Release|Any CPU
		{71AB09AC-DA6A-4A68-95BD-2DAF719B442D}.Release|Any CPU.Build.0 = Release|Any CPU
		{B41693E1-4ED4-4EF7-85E2-13A6F51F1FE7}.Debug|Any CPU.ActiveCfg = Debug|Any CPU
		{B41693E1-4ED4-4EF7-85E2-13A6F51F1FE7}.Debug|Any CPU.Build.0 = Debug|Any CPU
		{B41693E1-4ED4-4EF7-85E2-13A6F51F1FE7}.Release|Any CPU.ActiveCfg = Release|Any CPU
		{B41693E1-4ED4-4EF7-85E2-13A6F51F1FE7}.Release|Any CPU.Build.0 = Release|Any CPU
	EndGlobalSection
	GlobalSection(SolutionProperties) = preSolution
		HideSolutionNode = FALSE
	EndGlobalSection
	GlobalSection(ExtensibilityGlobals) = postSolution
		SolutionGuid = {1F25C568-2948-474F-BC71-381AD21B23D1}
	EndGlobalSection
EndGlobal
